
Microsoft Visual Studio Solution File, Format Version 12.00
# Visual Studio Version 16
VisualStudioVersion = 16.0.29728.190
MinimumVisualStudioVersion = 10.0.40219.1
Project("{FAE04EC0-301F-11D3-BF4B-00C04F79EFBC}") = "WorkerBoss", "WorkerBoss\WorkerBoss.csproj", "{F27C7304-8F88-4352-AC3B-F95711EFFD56}"
EndProject
Global
	GlobalSection(SolutionConfigurationPlatforms) = preSolution
		Debug|Any CPU = Debug|Any CPU
		Release|Any CPU = Release|Any CPU
	EndGlobalSection
	GlobalSection(ProjectConfigurationPlatforms) = postSolution
		{F27C7304-8F88-4352-AC3B-F95711EFFD56}.Debug|Any CPU.ActiveCfg = Debug|Any CPU
		{F27C7304-8F88-4352-AC3B-F95711EFFD56}.Debug|Any CPU.Build.0 = Debug|Any CPU
		{F27C7304-8F88-4352-AC3B-F95711EFFD56}.Release|Any CPU.ActiveCfg = Release|Any CPU
		{F27C7304-8F88-4352-AC3B-F95711EFFD56}.Release|Any CPU.Build.0 = Release|Any CPU
	EndGlobalSection
	GlobalSection(SolutionProperties) = preSolution
		HideSolutionNode = FALSE
	EndGlobalSection
	GlobalSection(ExtensibilityGlobals) = postSolution
		SolutionGuid = {114B9F5C-8411-483D-B16C-8045C830604F}
	EndGlobalSection
EndGlobal
